<?xml version="1.0" encoding="utf-8"?>
<Project ToolsVersion="17.0" xmlns="http://schemas.microsoft.com/developer/msbuild/2003">
  <ItemGroup>
    <ClCompile Include="C:\Users\asulw\.openclaw\workspace\main\fastrules\src\action_callback.cpp">
      <Filter>Source Files</Filter>
    </ClCompile>
    <ClCompile Include="C:\Users\asulw\.openclaw\workspace\main\fastrules\src\async_workflow.cpp">
      <Filter>Source Files</Filter>
    </ClCompile>
    <ClCompile Include="C:\Users\asulw\.openclaw\workspace\main\fastrules\src\lua_engine.cpp">
      <Filter>Source Files</Filter>
    </ClCompile>
    <ClCompile Include="C:\Users\asulw\.openclaw\workspace\main\fastrules\src\rule.cpp">
      <Filter>Source Files</Filter>
    </ClCompile>
    <ClCompile Include="C:\Users\asulw\.openclaw\workspace\main\fastrules\src\rule_context.cpp">
      <Filter>Source Files</Filter>
    </ClCompile>
    <ClCompile Include="C:\Users\asulw\.openclaw\workspace\main\fastrules\src\workflow.cpp">
      <Filter>Source Files</Filter>
    </ClCompile>
    <ClCompile Include="C:\Users\asulw\.openclaw\workspace\main\fastrules\src\execution_tracer.cpp">
      <Filter>Source Files</Filter>
    </ClCompile>
    <ClCompile Include="C:\Users\asulw\.openclaw\workspace\main\fastrules\src\parameter_validator.cpp">
      <Filter>Source Files</Filter>
    </ClCompile>
    <ClCompile Include="C:\Users\asulw\.openclaw\workspace\main\fastrules\src\expression_validator.cpp">
      <Filter>Source Files</Filter>
    </ClCompile>
    <ClCompile Include="C:\Users\asulw\.openclaw\workspace\main\fastrules\src\rate_limiter.cpp">
      <Filter>Source Files</Filter>
    </ClCompile>
    <ClCompile Include="C:\Users\asulw\.openclaw\workspace\main\fastrules\src\performance_counters.cpp">
      <Filter>Source Files</Filter>
    </ClCompile>
    <ClCompile Include="C:\Users\asulw\.openclaw\workspace\main\fastrules\src\aot_compiler.cpp">
      <Filter>Source Files</Filter>
    </ClCompile>
    <ClCompile Include="C:\Users\asulw\.openclaw\workspace\main\fastrules\src\rule_versioning.cpp">
      <Filter>Source Files</Filter>
    </ClCompile>
    <ClCompile Include="C:\Users\asulw\.openclaw\workspace\main\fastrules\src\lua_backend_factory.cpp">
      <Filter>Source Files</Filter>
    </ClCompile>
    <ClCompile Include="C:\Users\asulw\.openclaw\workspace\main\fastrules\src\lua_backend_luabridge.cpp">
      <Filter>Source Files</Filter>
    </ClCompile>
  </ItemGroup>
  <ItemGroup>
    <ClInclude Include="C:\Users\asulw\.openclaw\workspace\main\fastrules\include\fastrules\action_callback.hpp">
      <Filter>Header Files</Filter>
    </ClInclude>
    <ClInclude Include="C:\Users\asulw\.openclaw\workspace\main\fastrules\include\fastrules\aot_compiler.hpp">
      <Filter>Header Files</Filter>
    </ClInclude>
    <ClInclude Include="C:\Users\asulw\.openclaw\workspace\main\fastrules\include\fastrules\async_workflow.hpp">
      <Filter>Header Files</Filter>
    </ClInclude>
    <ClInclude Include="C:\Users\asulw\.openclaw\workspace\main\fastrules\include\fastrules\execution_tracer.hpp">
      <Filter>Header Files</Filter>
    </ClInclude>
    <ClInclude Include="C:\Users\asulw\.openclaw\workspace\main\fastrules\include\fastrules\expression_validator.hpp">
      <Filter>Header Files</Filter>
    </ClInclude>
    <ClInclude Include="C:\Users\asulw\.openclaw\workspace\main\fastrules\include\fastrules\fastrules.hpp">
      <Filter>Header Files</Filter>
    </ClInclude>
    <ClInclude Include="C:\Users\asulw\.openclaw\workspace\main\fastrules\include\fastrules\logger.hpp">
      <Filter>Header Files</Filter>
    </ClInclude>
    <ClInclude Include="C:\Users\asulw\.openclaw\workspace\main\fastrules\include\fastrules\lua_backend.hpp">
      <Filter>Header Files</Filter>
    </ClInclude>
    <ClInclude Include="C:\Users\asulw\.openclaw\workspace\main\fastrules\include\fastrules\lua_backend_luabridge.hpp">
      <Filter>Header Files</Filter>
    </ClInclude>
    <ClInclude Include="C:\Users\asulw\.openclaw\workspace\main\fastrules\include\fastrules\lua_engine.hpp">
      <Filter>Header Files</Filter>
    </ClInclude>
    <ClInclude Include="C:\Users\asulw\.openclaw\workspace\main\fastrules\include\fastrules\parameter_validator.hpp">
      <Filter>Header Files</Filter>
    </ClInclude>
    <ClInclude Include="C:\Users\asulw\.openclaw\workspace\main\fastrules\include\fastrules\performance_counters.hpp">
      <Filter>Header Files</Filter>
    </ClInclude>
    <ClInclude Include="C:\Users\asulw\.openclaw\workspace\main\fastrules\include\fastrules\rate_limiter.hpp">
      <Filter>Header Files</Filter>
    </ClInclude>
    <ClInclude Include="C:\Users\asulw\.openclaw\workspace\main\fastrules\include\fastrules\rule.hpp">
      <Filter>Header Files</Filter>
    </ClInclude>
    <ClInclude Include="C:\Users\asulw\.openclaw\workspace\main\fastrules\include\fastrules\rule_context.hpp">
      <Filter>Header Files</Filter>
    </ClInclude>
    <ClInclude Include="C:\Users\asulw\.openclaw\workspace\main\fastrules\include\fastrules\rule_result.hpp">
      <Filter>Header Files</Filter>
    </ClInclude>
    <ClInclude Include="C:\Users\asulw\.openclaw\workspace\main\fastrules\include\fastrules\rule_versioning.hpp">
      <Filter>Header Files</Filter>
    </ClInclude>
    <ClInclude Include="C:\Users\asulw\.openclaw\workspace\main\fastrules\include\fastrules\streaming_result.hpp">
      <Filter>Header Files</Filter>
    </ClInclude>
    <ClInclude Include="C:\Users\asulw\.openclaw\workspace\main\fastrules\include\fastrules\type_registry.hpp">
      <Filter>Header Files</Filter>
    </ClInclude>
    <ClInclude Include="C:\Users\asulw\.openclaw\workspace\main\fastrules\include\fastrules\workflow.hpp">
      <Filter>Header Files</Filter>
    </ClInclude>
  </ItemGroup>
  <ItemGroup>
    <Filter Include="Header Files">
      <UniqueIdentifier>{D9EBA3CA-1D2A-3B29-83D0-9F3F4E9624BD}</UniqueIdentifier>
    </Filter>
    <Filter Include="Source Files">
      <UniqueIdentifier>{7EE007DB-DB26-3924-BA7F-9B2E95A7A3AC}</UniqueIdentifier>
    </Filter>
  </ItemGroup>
</Project>
